
Microsoft Visual Studio Solution File, Format Version 12.00
# Visual Studio Version 17
VisualStudioVersion = 17.13.35919.96 d17.13
MinimumVisualStudioVersion = 10.0.40219.1
Project("{FAE04EC0-301F-11D3-BF4B-00C04F79EFBC}") = "HarshBulkyWeb", "HarshBulkyWeb\HarshBulkyWeb.csproj", "{363086A0-E4A5-4940-A658-DF8AEEB9018A}"
EndProject
Global
	GlobalSection(SolutionConfigurationPlatforms) = preSolution
		Debug|Any CPU = Debug|Any CPU
		Release|Any CPU = Release|Any CPU
	EndGlobalSection
	GlobalSection(ProjectConfigurationPlatforms) = postSolution
		{363086A0-E4A5-4940-A658-DF8AEEB9018A}.Debug|Any CPU.ActiveCfg = Debug|Any CPU
		{363086A0-E4A5-4940-A658-DF8AEEB9018A}.Debug|Any CPU.Build.0 = Debug|Any CPU
		{363086A0-E4A5-4940-A658-DF8AEEB9018A}.Release|Any CPU.ActiveCfg = Release|Any CPU
		{363086A0-E4A5-4940-A658-DF8AEEB9018A}.Release|Any CPU.Build.0 = Release|Any CPU
	EndGlobalSection
	GlobalSection(SolutionProperties) = preSolution
		HideSolutionNode = FALSE
	EndGlobalSection
	GlobalSection(ExtensibilityGlobals) = postSolution
		SolutionGuid = {DD29A409-2FAB-480C-9F38-CEEF3326F033}
	EndGlobalSection
EndGlobal
